
Microsoft Visual Studio Solution File, Format Version 12.00
# Visual Studio 15
Project("{FAE04EC0-301F-11D3-BF4B-00C04F79EFBC}") = "Unity.Mirror.CodeGen", "Unity.Mirror.CodeGen.csproj", "{248DC785-6F4B-A0AD-BF8A-259322DE5819}"
EndProject
Project("{FAE04EC0-301F-11D3-BF4B-00C04F79EFBC}") = "Edgegap", "Edgegap.csproj", "{11E106ED-DF65-E857-22FF-6ECDB075C173}"
EndProject
Project("{FAE04EC0-301F-11D3-BF4B-00C04F79EFBC}") = "Mirror.Components", "Mirror.Components.csproj", "{6E72059B-0AD6-EF5F-7C4F-DB3445CB5163}"
EndProject
Project("{FAE04EC0-301F-11D3-BF4B-00C04F79EFBC}") = "Mirror.Editor", "Mirror.Editor.csproj", "{09A67A85-3661-3BAB-0F62-BC6BDF05E1FA}"
EndProject
Project("{FAE04EC0-301F-11D3-BF4B-00C04F79EFBC}") = "Assembly-CSharp", "Assembly-CSharp.csproj", "{E491DA62-DAA9-572A-B16A-DC45A0F64325}"
EndProject
Project("{FAE04EC0-301F-11D3-BF4B-00C04F79EFBC}") = "Mirror.Examples", "Mirror.Examples.csproj", "{3316300E-6734-BEAD-140C-25670C2EF38C}"
EndProject
Project("{FAE04EC0-301F-11D3-BF4B-00C04F79EFBC}") = "kcp2k", "kcp2k.csproj", "{1E5972DC-E52E-85CF-62CB-5C37F4E65B57}"
EndProject
Project("{FAE04EC0-301F-11D3-BF4B-00C04F79EFBC}") = "Mirror", "Mirror.csproj", "{8E9EB3E6-8114-54FA-D023-8D6388218E79}"
EndProject
Project("{FAE04EC0-301F-11D3-BF4B-00C04F79EFBC}") = "SimpleWebTransport", "SimpleWebTransport.csproj", "{6FFFFEFD-B9CF-7943-A6BE-28359C652094}"
EndProject
Project("{FAE04EC0-301F-11D3-BF4B-00C04F79EFBC}") = "Mirror.Authenticators", "Mirror.Authenticators.csproj", "{2D3BD30F-4AAF-1379-04D4-E2CCEA2E129C}"
EndProject
Project("{FAE04EC0-301F-11D3-BF4B-00C04F79EFBC}") = "Mirror.Transports", "Mirror.Transports.csproj", "{34A3F158-684D-3130-6A51-D2F683A73872}"
EndProject
Project("{FAE04EC0-301F-11D3-BF4B-00C04F79EFBC}") = "EncryptionTransportEditor", "EncryptionTransportEditor.csproj", "{681B9A77-CAD3-AB24-DF85-4892C2E02379}"
EndProject
Project("{FAE04EC0-301F-11D3-BF4B-00C04F79EFBC}") = "Telepathy", "Telepathy.csproj", "{604BD430-1213-0660-0DFF-5ED6AD284F98}"
EndProject
Project("{FAE04EC0-301F-11D3-BF4B-00C04F79EFBC}") = "Assembly-CSharp-Editor", "Assembly-CSharp-Editor.csproj", "{FF2BEDD1-E6FC-92F7-64C6-D99CE406D99F}"
EndProject
Project("{FAE04EC0-301F-11D3-BF4B-00C04F79EFBC}") = "Mirror.CompilerSymbols", "Mirror.CompilerSymbols.csproj", "{9F0FA26A-D3BE-9937-73D5-D286C82BC0A1}"
EndProject
Global
	GlobalSection(SolutionConfigurationPlatforms) = preSolution
		Debug|Any CPU = Debug|Any CPU
		Release|Any CPU = Release|Any CPU
	EndGlobalSection
	GlobalSection(ProjectConfigurationPlatforms) = postSolution
		{248DC785-6F4B-A0AD-BF8A-259322DE5819}.Debug|Any CPU.ActiveCfg = Debug|Any CPU
		{248DC785-6F4B-A0AD-BF8A-259322DE5819}.Debug|Any CPU.Build.0 = Debug|Any CPU
		{248DC785-6F4B-A0AD-BF8A-259322DE5819}.Release|Any CPU.ActiveCfg = Release|Any CPU
		{248DC785-6F4B-A0AD-BF8A-259322DE5819}.Release|Any CPU.Build.0 = Release|Any CPU
		{11E106ED-DF65-E857-22FF-6ECDB075C173}.Debug|Any CPU.ActiveCfg = Debug|Any CPU
		{11E106ED-DF65-E857-22FF-6ECDB075C173}.Debug|Any CPU.Build.0 = Debug|Any CPU
		{11E106ED-DF65-E857-22FF-6ECDB075C173}.Release|Any CPU.ActiveCfg = Release|Any CPU
		{11E106ED-DF65-E857-22FF-6ECDB075C173}.Release|Any CPU.Build.0 = Release|Any CPU
		{6E72059B-0AD6-EF5F-7C4F-DB3445CB5163}.Debug|Any CPU.ActiveCfg = Debug|Any CPU
		{6E72059B-0AD6-EF5F-7C4F-DB3445CB5163}.Debug|Any CPU.Build.0 = Debug|Any CPU
		{6E72059B-0AD6-EF5F-7C4F-DB3445CB5163}.Release|Any CPU.ActiveCfg = Release|Any CPU
		{6E72059B-0AD6-EF5F-7C4F-DB3445CB5163}.Release|Any CPU.Build.0 = Release|Any CPU
		{09A67A85-3661-3BAB-0F62-BC6BDF05E1FA}.Debug|Any CPU.ActiveCfg = Debug|Any CPU
		{09A67A85-3661-3BAB-0F62-BC6BDF05E1FA}.Debug|Any CPU.Build.0 = Debug|Any CPU
		{09A67A85-3661-3BAB-0F62-BC6BDF05E1FA}.Release|Any CPU.ActiveCfg = Release|Any CPU
		{09A67A85-3661-3BAB-0F62-BC6BDF05E1FA}.Release|Any CPU.Build.0 = Release|Any CPU
		{E491DA62-DAA9-572A-B16A-DC45A0F64325}.Debug|Any CPU.ActiveCfg = Debug|Any CPU
		{E491DA62-DAA9-572A-B16A-DC45A0F64325}.Debug|Any CPU.Build.0 = Debug|Any CPU
		{E491DA62-DAA9-572A-B16A-DC45A0F64325}.Release|Any CPU.ActiveCfg = Release|Any CPU
		{E491DA62-DAA9-572A-B16A-DC45A0F64325}.Release|Any CPU.Build.0 = Release|Any CPU
		{3316300E-6734-BEAD-140C-25670C2EF38C}.Debug|Any CPU.ActiveCfg = Debug|Any CPU
		{3316300E-6734-BEAD-140C-25670C2EF38C}.Debug|Any CPU.Build.0 = Debug|Any CPU
		{3316300E-6734-BEAD-140C-25670C2EF38C}.Release|Any CPU.ActiveCfg = Release|Any CPU
		{3316300E-6734-BEAD-140C-25670C2EF38C}.Release|Any CPU.Build.0 = Release|Any CPU
		{1E5972DC-E52E-85CF-62CB-5C37F4E65B57}.Debug|Any CPU.ActiveCfg = Debug|Any CPU
		{1E5972DC-E52E-85CF-62CB-5C37F4E65B57}.Debug|Any CPU.Build.0 = Debug|Any CPU
		{1E5972DC-E52E-85CF-62CB-5C37F4E65B57}.Release|Any CPU.ActiveCfg = Release|Any CPU
		{1E5972DC-E52E-85CF-62CB-5C37F4E65B57}.Release|Any CPU.Build.0 = Release|Any CPU
		{8E9EB3E6-8114-54FA-D023-8D6388218E79}.Debug|Any CPU.ActiveCfg = Debug|Any CPU
		{8E9EB3E6-8114-54FA-D023-8D6388218E79}.Debug|Any CPU.Build.0 = Debug|Any CPU
		{8E9EB3E6-8114-54FA-D023-8D6388218E79}.Release|Any CPU.ActiveCfg = Release|Any CPU
		{8E9EB3E6-8114-54FA-D023-8D6388218E79}.Release|Any CPU.Build.0 = Release|Any CPU
		{6FFFFEFD-B9CF-7943-A6BE-28359C652094}.Debug|Any CPU.ActiveCfg = Debug|Any CPU
		{6FFFFEFD-B9CF-7943-A6BE-28359C652094}.Debug|Any CPU.Build.0 = Debug|Any CPU
		{6FFFFEFD-B9CF-7943-A6BE-28359C652094}.Release|Any CPU.ActiveCfg = Release|Any CPU
		{6FFFFEFD-B9CF-7943-A6BE-28359C652094}.Release|Any CPU.Build.0 = Release|Any CPU
		{2D3BD30F-4AAF-1379-04D4-E2CCEA2E129C}.Debug|Any CPU.ActiveCfg = Debug|Any CPU
		{2D3BD30F-4AAF-1379-04D4-E2CCEA2E129C}.Debug|Any CPU.Build.0 = Debug|Any CPU
		{2D3BD30F-4AAF-1379-04D4-E2CCEA2E129C}.Release|Any CPU.ActiveCfg = Release|Any CPU
		{2D3BD30F-4AAF-1379-04D4-E2CCEA2E129C}.Release|Any CPU.Build.0 = Release|Any CPU
		{34A3F158-684D-3130-6A51-D2F683A73872}.Debug|Any CPU.ActiveCfg = Debug|Any CPU
		{34A3F158-684D-3130-6A51-D2F683A73872}.Debug|Any CPU.Build.0 = Debug|Any CPU
		{34A3F158-684D-3130-6A51-D2F683A73872}.Release|Any CPU.ActiveCfg = Release|Any CPU
		{34A3F158-684D-3130-6A51-D2F683A73872}.Release|Any CPU.Build.0 = Release|Any CPU
		{681B9A77-CAD3-AB24-DF85-4892C2E02379}.Debug|Any CPU.ActiveCfg = Debug|Any CPU
		{681B9A77-CAD3-AB24-DF85-4892C2E02379}.Debug|Any CPU.Build.0 = Debug|Any CPU
		{681B9A77-CAD3-AB24-DF85-4892C2E02379}.Release|Any CPU.ActiveCfg = Release|Any CPU
		{681B9A77-CAD3-AB24-DF85-4892C2E02379}.Release|Any CPU.Build.0 = Release|Any CPU
		{604BD430-1213-0660-0DFF-5ED6AD284F98}.Debug|Any CPU.ActiveCfg = Debug|Any CPU
		{604BD430-1213-0660-0DFF-5ED6AD284F98}.Debug|Any CPU.Build.0 = Debug|Any CPU
		{604BD430-1213-0660-0DFF-5ED6AD284F98}.Release|Any CPU.ActiveCfg = Release|Any CPU
		{604BD430-1213-0660-0DFF-5ED6AD284F98}.Release|Any CPU.Build.0 = Release|Any CPU
		{FF2BEDD1-E6FC-92F7-64C6-D99CE406D99F}.Debug|Any CPU.ActiveCfg = Debug|Any CPU
		{FF2BEDD1-E6FC-92F7-64C6-D99CE406D99F}.Debug|Any CPU.Build.0 = Debug|Any CPU
		{FF2BEDD1-E6FC-92F7-64C6-D99CE406D99F}.Release|Any CPU.ActiveCfg = Release|Any CPU
		{FF2BEDD1-E6FC-92F7-64C6-D99CE406D99F}.Release|Any CPU.Build.0 = Release|Any CPU
		{9F0FA26A-D3BE-9937-73D5-D286C82BC0A1}.Debug|Any CPU.ActiveCfg = Debug|Any CPU
		{9F0FA26A-D3BE-9937-73D5-D286C82BC0A1}.Debug|Any CPU.Build.0 = Debug|Any CPU
		{9F0FA26A-D3BE-9937-73D5-D286C82BC0A1}.Release|Any CPU.ActiveCfg = Release|Any CPU
		{9F0FA26A-D3BE-9937-73D5-D286C82BC0A1}.Release|Any CPU.Build.0 = Release|Any CPU
	EndGlobalSection
	GlobalSection(SolutionProperties) = preSolution
		HideSolutionNode = FALSE
	EndGlobalSection
EndGlobal
